// !$*UTF8*$!
{
	archiveVersion = 1;
	classes = {
	};
	objectVersion = 48;
	objects = {

/* Begin PBXBuildFile section */
		BB208A64208AA22F00D090BF /* AppDelegate.swift in Sources */ = {isa = PBXBuildFile; fileRef = BB208A63208AA22F00D090BF /* AppDelegate.swift */; };
		BB208A67208AA22F00D090BF /* App01.xcdatamodeld in Sources */ = {isa = PBXBuildFile; fileRef = BB208A65208AA22F00D090BF /* App01.xcdatamodeld */; };
		BB208A69208AA22F00D090BF /* MasterViewController.swift in Sources */ = {isa = PBXBuildFile; fileRef = BB208A68208AA22F00D090BF /* MasterViewController.swift */; };
		BB208A6B208AA22F00D090BF /* DetailViewController.swift in Sources */ = {isa = PBXBuildFile; fileRef = BB208A6A208AA22F00D090BF /* DetailViewController.swift */; };
		BB208A6E208AA22F00D090BF /* Main.storyboard in Resources */ = {isa = PBXBuildFile; fileRef = BB208A6C208AA22F00D090BF /* Main.storyboard */; };
		BB208A70208AA22F00D090BF /* Assets.xcassets in Resources */ = {isa = PBXBuildFile; fileRef = BB208A6F208AA22F00D090BF /* Assets.xcassets */; };
		BB208A73208AA22F00D090BF /* LaunchScreen.storyboard in Resources */ = {isa = PBXBuildFile; fileRef = BB208A71208AA22F00D090BF /* LaunchScreen.storyboard */; };
		BB208A7E208AA23000D090BF /* App01Tests.swift in Sources */ = {isa = PBXBuildFile; fileRef = BB208A7D208AA23000D090BF /* App01Tests.swift */; };
		BB208A89208AA23000D090BF /* App01UITests.swift in Sources */ = {isa = PBXBuildFile; fileRef = BB208A88208AA23000D090BF /* App01UITests.swift */; };
/* End PBXBuildFile section */

/* Begin PBXContainerItemProxy section */
		BB208A7A208AA23000D090BF /* PBXContainerItemProxy */ = {
			isa = PBXContainerItemProxy;
			containerPortal = BB208A58208AA22F00D090BF /* Project object */;
			proxyType = 1;
			remoteGlobalIDString = BB208A5F208AA22F00D090BF;
			remoteInfo = App01;
		};
		BB208A85208AA23000D090BF /* PBXContainerItemProxy */ = {
			isa = PBXContainerItemProxy;
			containerPortal = BB208A58208AA22F00D090BF /* Project object */;
			proxyType = 1;
			remoteGlobalIDString = BB208A5F208AA22F00D090BF;
			remoteInfo = App01;
		};
/* End PBXContainerItemProxy section */

/* Begin PBXFileReference section */
		BB208A60208AA22F00D090BF /* App01.app */ = {isa = PBXFileReference; explicitFileType = wrapper.application; includeInIndex = 0; path = App01.app; sourceTree = BUILT_PRODUCTS_DIR; };
		BB208A63208AA22F00D090BF /* AppDelegate.swift */ = {isa = PBXFileReference; lastKnownFileType = sourcecode.swift; path = AppDelegate.swift; sourceTree = "<group>"; };
		BB208A66208AA22F00D090BF /* App01.xcdatamodel */ = {isa = PBXFileReference; lastKnownFileType = wrapper.xcdatamodel; path = App01.xcdatamodel; sourceTree = "<group>"; };
		BB208A68208AA22F00D090BF /* MasterViewController.swift */ = {isa = PBXFileReference; lastKnownFileType = sourcecode.swift; path = MasterViewController.swift; sourceTree = "<group>"; };
		BB208A6A208AA22F00D090BF /* DetailViewController.swift */ = {isa = PBXFileReference; lastKnownFileType = sourcecode.swift; path = DetailViewController.swift; sourceTree = "<group>"; };
		BB208A6D208AA22F00D090BF /* Base */ = {isa = PBXFileReference; lastKnownFileType = file.storyboard; name = Base; path = Base.lproj/Main.storyboard; sourceTree = "<group>"; };
		BB208A6F208AA22F00D090BF /* Assets.xcassets */ = {isa = PBXFileReference; lastKnownFileType = folder.assetcatalog; path = Assets.xcassets; sourceTree = "<group>"; };
		BB208A72208AA22F00D090BF /* Base */ = {isa = PBXFileReference; lastKnownFileType = file.storyboard; name = Base; path = Base.lproj/LaunchScreen.storyboard; sourceTree = "<group>"; };
		BB208A74208AA22F00D090BF /* Info.plist */ = {isa = PBXFileReference; lastKnownFileType = text.plist.xml; path = Info.plist; sourceTree = "<group>"; };
		BB208A79208AA23000D090BF /* App01Tests.xctest */ = {isa = PBXFileReference; explicitFileType = wrapper.cfbundle; includeInIndex = 0; path = App01Tests.xctest; sourceTree = BUILT_PRODUCTS_DIR; };
		BB208A7D208AA23000D090BF /* App01Tests.swift */ = {isa = PBXFileReference; lastKnownFileType = sourcecode.swift; path = App01Tests.swift; sourceTree = "<group>"; };
		BB208A7F208AA23000D090BF /* Info.plist */ = {isa = PBXFileReference; lastKnownFileType = text.plist.xml; path = Info.plist; sourceTree = "<group>"; };
		BB208A84208AA23000D090BF /* App01UITests.xctest */ = {isa = PBXFileReference; explicitFileType = wrapper.cfbundle; includeInIndex = 0; path = App01UITests.xctest; sourceTree = BUILT_PRODUCTS_DIR; };
		BB208A88208AA23000D090BF /* App01UITests.swift */ = {isa = PBXFileReference; lastKnownFileType = sourcecode.swift; path = App01UITests.swift; sourceTree = "<group>"; };
		BB208A8A208AA23000D090BF /* Info.plist */ = {isa = PBXFileReference; lastKnownFileType = text.plist.xml; path = Info.plist; sourceTree = "<group>"; };
/* End PBXFileReference section */

/* Begin PBXFrameworksBuildPhase section */
		BB208A5D208AA22F00D090BF /* Frameworks */ = {
			isa = PBXFrameworksBuildPhase;
			buildActionMask = 2147483647;
			files = (
			);
			runOnlyForDeploymentPostprocessing = 0;
		};
		BB208A76208AA23000D090BF /* Frameworks */ = {
			isa = PBXFrameworksBuildPhase;
			buildActionMask = 2147483647;
			files = (
			);
			runOnlyForDeploymentPostprocessing = 0;
		};
		BB208A81208AA23000D090BF /* Frameworks */ = {
			isa = PBXFrameworksBuildPhase;
			buildActionMask = 2147483647;
			files = (
			);
			runOnlyForDeploymentPostprocessing = 0;
		};
/* End PBXFrameworksBuildPhase section */

/* Begin PBXGroup section */
		BB208A57208AA22F00D090BF = {
			isa = PBXGroup;
			children = (
				BB208A62208AA22F00D090BF /* App01 */,
				BB208A7C208AA23000D090BF /* App01Tests */,
				BB208A87208AA23000D090BF /* App01UITests */,
				BB208A61208AA22F00D090BF /* Products */,
			);
			sourceTree = "<group>";
		};
		BB208A61208AA22F00D090BF /* Products */ = {
			isa = PBXGroup;
			children = (
				BB208A60208AA22F00D090BF /* App01.app */,
				BB208A79208AA23000D090BF /* App01Tests.xctest */,
				BB208A84208AA23000D090BF /* App01UITests.xctest */,
			);
			name = Products;
			sourceTree = "<group>";
		};
		BB208A62208AA22F00D090BF /* App01 */ = {
			isa = PBXGroup;
			children = (
				BB208A63208AA22F00D090BF /* AppDelegate.swift */,
				BB208A68208AA22F00D090BF /* MasterViewController.swift */,
				BB208A6A208AA22F00D090BF /* DetailViewController.swift */,
				BB208A6C208AA22F00D090BF /* Main.storyboard */,
				BB208A6F208AA22F00D090BF /* Assets.xcassets */,
				BB208A71208AA22F00D090BF /* LaunchScreen.storyboard */,
				BB208A74208AA22F00D090BF /* Info.plist */,
				BB208A65208AA22F00D090BF /* App01.xcdatamodeld */,
			);
			path = App01;
			sourceTree = "<group>";
		};
		BB208A7C208AA23000D090BF /* App01Tests */ = {
			isa = PBXGroup;
			children = (
				BB208A7D208AA23000D090BF /* App01Tests.swift */,
				BB208A7F208AA23000D090BF /* Info.plist */,
			);
			path = App01Tests;
			sourceTree = "<group>";
		};
		BB208A87208AA23000D090BF /* App01UITests */ = {
			isa = PBXGroup;
			children = (
				BB208A88208AA23000D090BF /* App01UITests.swift */,
				BB208A8A208AA23000D090BF /* Info.plist */,
			);
			path = App01UITests;
			sourceTree = "<group>";
		};
/* End PBXGroup section */

/* Begin PBXNativeTarget section */
		BB208A5F208AA22F00D090BF /* App01 */ = {
			isa = PBXNativeTarget;
			buildConfigurationList = BB208A8D208AA23000D090BF /* Build configuration list for PBXNativeTarget "App01" */;
			buildPhases = (
				BB208A5C208AA22F00D090BF /* Sources */,
				BB208A5D208AA22F00D090BF /* Frameworks */,
				BB208A5E208AA22F00D090BF /* Resources */,
			);
			buildRules = (
			);
			dependencies = (
			);
			name = App01;
			productName = App01;
			productReference = BB208A60208AA22F00D090BF /* App01.app */;
			productType = "com.apple.product-type.application";
		};
		BB208A78208AA23000D090BF /* App01Tests */ = {
			isa = PBXNativeTarget;
			buildConfigurationList = BB208A90208AA23000D090BF /* Build configuration list for PBXNativeTarget "App01Tests" */;
			buildPhases = (
				BB208A75208AA23000D090BF /* Sources */,
				BB208A76208AA23000D090BF /* Frameworks */,
				BB208A77208AA23000D090BF /* Resources */,
			);
			buildRules = (
			);
			dependencies = (
				BB208A7B208AA23000D090BF /* PBXTargetDependency */,
			);
			name = App01Tests;
			productName = App01Tests;
			productReference = BB208A79208AA23000D090BF /* App01Tests.xctest */;
			productType = "com.apple.product-type.bundle.unit-test";
		};
		BB208A83208AA23000D090BF /* App01UITests */ = {
			isa = PBXNativeTarget;
			buildConfigurationList = BB208A93208AA23000D090BF /* Build configuration list for PBXNativeTarget "App01UITests" */;
			buildPhases = (
				BB208A80208AA23000D090BF /* Sources */,
				BB208A81208AA23000D090BF /* Frameworks */,
				BB208A82208AA23000D090BF /* Resources */,
			);
			buildRules = (
			);
			dependencies = (
				BB208A86208AA23000D090BF /* PBXTargetDependency */,
			);
			name = App01UITests;
			productName = App01UITests;
			productReference = BB208A84208AA23000D090BF /* App01UITests.xctest */;
			productType = "com.apple.product-type.bundle.ui-testing";
		};
/* End PBXNativeTarget section */

/* Begin PBXProject section */
		BB208A58208AA22F00D090BF /* Project object */ = {
			isa = PBXProject;
			attributes = {
				LastSwiftUpdateCheck = 0920;
				LastUpgradeCheck = 0920;
				ORGANIZATIONNAME = "Lucas Marques";
				TargetAttributes = {
					BB208A5F208AA22F00D090BF = {
						CreatedOnToolsVersion = 9.2;
						ProvisioningStyle = Automatic;
					};
					BB208A78208AA23000D090BF = {
						CreatedOnToolsVersion = 9.2;
						ProvisioningStyle = Automatic;
						TestTargetID = BB208A5F208AA22F00D090BF;
					};
					BB208A83208AA23000D090BF = {
						CreatedOnToolsVersion = 9.2;
						ProvisioningStyle = Automatic;
						TestTargetID = BB208A5F208AA22F00D090BF;
					};
				};
			};
			buildConfigurationList = BB208A5B208AA22F00D090BF /* Build configuration list for PBXProject "App01" */;
			compatibilityVersion = "Xcode 8.0";
			developmentRegion = en;
			hasScannedForEncodings = 0;
			knownRegions = (
				en,
				Base,
			);
			mainGroup = BB208A57208AA22F00D090BF;
			productRefGroup = BB208A61208AA22F00D090BF /* Products */;
			projectDirPath = "";
			projectRoot = "";
			targets = (
				BB208A5F208AA22F00D090BF /* App01 */,
				BB208A78208AA23000D090BF /* App01Tests */,
				BB208A83208AA23000D090BF /* App01UITests */,
			);
		};
/* End PBXProject section */

/* Begin PBXResourcesBuildPhase section */
		BB208A5E208AA22F00D090BF /* Resources */ = {
			isa = PBXResourcesBuildPhase;
			buildActionMask = 2147483647;
			files = (
				BB208A73208AA22F00D090BF /* LaunchScreen.storyboard in Resources */,
				BB208A70208AA22F00D090BF /* Assets.xcassets in Resources */,
				BB208A6E208AA22F00D090BF /* Main.storyboard in Resources */,
			);
			runOnlyForDeploymentPostprocessing = 0;
		};
		BB208A77208AA23000D090BF /* Resources */ = {
			isa = PBXResourcesBuildPhase;
			buildActionMask = 2147483647;
			files = (
			);
			runOnlyForDeploymentPostprocessing = 0;
		};
		BB208A82208AA23000D090BF /* Resources */ = {
			isa = PBXResourcesBuildPhase;
			buildActionMask = 2147483647;
			files = (
			);
			runOnlyForDeploymentPostprocessing = 0;
		};
/* End PBXResourcesBuildPhase section */

/* Begin PBXSourcesBuildPhase section */
		BB208A5C208AA22F00D090BF /* Sources */ = {
			isa = PBXSourcesBuildPhase;
			buildActionMask = 2147483647;
			files = (
				BB208A67208AA22F00D090BF /* App01.xcdatamodeld in Sources */,
				BB208A64208AA22F00D090BF /* AppDelegate.swift in Sources */,
				BB208A69208AA22F00D090BF /* MasterViewController.swift in Sources */,
				BB208A6B208AA22F00D090BF /* DetailViewController.swift in Sources */,
			);
			runOnlyForDeploymentPostprocessing = 0;
		};
		BB208A75208AA23000D090BF /* Sources */ = {
			isa = PBXSourcesBuildPhase;
			buildActionMask = 2147483647;
			files = (
				BB208A7E208AA23000D090BF /* App01Tests.swift in Sources */,
			);
			runOnlyForDeploymentPostprocessing = 0;
		};
		BB208A80208AA23000D090BF /* Sources */ = {
			isa = PBXSourcesBuildPhase;
			buildActionMask = 2147483647;
			files = (
				BB208A89208AA23000D090BF /* App01UITests.swift in Sources */,
			);
			runOnlyForDeploymentPostprocessing = 0;
		};
/* End PBXSourcesBuildPhase section */

/* Begin PBXTargetDependency section */
		BB208A7B208AA23000D090BF /* PBXTargetDependency */ = {
			isa = PBXTargetDependency;
			target = BB208A5F208AA22F00D090BF /* App01 */;
			targetProxy = BB208A7A208AA23000D090BF /* PBXContainerItemProxy */;
		};
		BB208A86208AA23000D090BF /* PBXTargetDependency */ = {
			isa = PBXTargetDependency;
			target = BB208A5F208AA22F00D090BF /* App01 */;
			targetProxy = BB208A85208AA23000D090BF /* PBXContainerItemProxy */;
		};
/* End PBXTargetDependency section */

/* Begin PBXVariantGroup section */
		BB208A6C208AA22F00D090BF /* Main.storyboard */ = {
			isa = PBXVariantGroup;
			children = (
				BB208A6D208AA22F00D090BF /* Base */,
			);
			name = Main.storyboard;
			sourceTree = "<group>";
		};
		BB208A71208AA22F00D090BF /* LaunchScreen.storyboard */ = {
			isa = PBXVariantGroup;
			children = (
				BB208A72208AA22F00D090BF /* Base */,
			);
			name = LaunchScreen.storyboard;
			sourceTree = "<group>";
		};
/* End PBXVariantGroup section */

/* Begin XCBuildConfiguration section */
		BB208A8B208AA23000D090BF /* Debug */ = {
			isa = XCBuildConfiguration;
			buildSettings = {
				ALWAYS_SEARCH_USER_PATHS = NO;
				CLANG_ANALYZER_NONNULL = YES;
				CLANG_ANALYZER_NUMBER_OBJECT_CONVERSION = YES_AGGRESSIVE;
				CLANG_CXX_LANGUAGE_STANDARD = "gnu++14";
				CLANG_CXX_LIBRARY = "libc++";
				CLANG_ENABLE_MODULES = YES;
				CLANG_ENABLE_OBJC_ARC = YES;
				CLANG_WARN_BLOCK_CAPTURE_AUTORELEASING = YES;
				CLANG_WARN_BOOL_CONVERSION = YES;
				CLANG_WARN_COMMA = YES;
				CLANG_WARN_CONSTANT_CONVERSION = YES;
				CLANG_WARN_DIRECT_OBJC_ISA_USAGE = YES_ERROR;
				CLANG_WARN_DOCUMENTATION_COMMENTS = YES;
				CLANG_WARN_EMPTY_BODY = YES;
				CLANG_WARN_ENUM_CONVERSION = YES;
				CLANG_WARN_INFINITE_RECURSION = YES;
				CLANG_WARN_INT_CONVERSION = YES;
				CLANG_WARN_NON_LITERAL_NULL_CONVERSION = YES;
				CLANG_WARN_OBJC_LITERAL_CONVERSION = YES;
				CLANG_WARN_OBJC_ROOT_CLASS = YES_ERROR;
				CLANG_WARN_RANGE_LOOP_ANALYSIS = YES;
				CLANG_WARN_STRICT_PROTOTYPES = YES;
				CLANG_WARN_SUSPICIOUS_MOVE = YES;
				CLANG_WARN_UNGUARDED_AVAILABILITY = YES_AGGRESSIVE;
				CLANG_WARN_UNREACHABLE_CODE = YES;
				CLANG_WARN__DUPLICATE_METHOD_MATCH = YES;
				CODE_SIGN_IDENTITY = "iPhone Developer";
				COPY_PHASE_STRIP = NO;
				DEBUG_INFORMATION_FORMAT = dwarf;
				ENABLE_STRICT_OBJC_MSGSEND = YES;
				ENABLE_TESTABILITY = YES;
				GCC_C_LANGUAGE_STANDARD = gnu11;
				GCC_DYNAMIC_NO_PIC = NO;
				GCC_NO_COMMON_BLOCKS = YES;
				GCC_OPTIMIZATION_LEVEL = 0;
				GCC_PREPROCESSOR_DEFINITIONS = (
					"DEBUG=1",
					"$(inherited)",
				);
				GCC_WARN_64_TO_32_BIT_CONVERSION = YES;
				GCC_WARN_ABOUT_RETURN_TYPE = YES_ERROR;
				GCC_WARN_UNDECLARED_SELECTOR = YES;
				GCC_WARN_UNINITIALIZED_AUTOS = YES_AGGRESSIVE;
				GCC_WARN_UNUSED_FUNCTION = YES;
				GCC_WARN_UNUSED_VARIABLE = YES;
				IPHONEOS_DEPLOYMENT_TARGET = 11.2;
				MTL_ENABLE_DEBUG_INFO = YES;
				ONLY_ACTIVE_ARCH = YES;
				SDKROOT = iphoneos;
				SWIFT_ACTIVE_COMPILATION_CONDITIONS = DEBUG;
				SWIFT_OPTIMIZATION_LEVEL = "-Onone";
			};
			name = Debug;
		};
		BB208A8C208AA23000D090BF /* Release */ = {
			isa = XCBuildConfiguration;
			buildSettings = {
				ALWAYS_SEARCH_USER_PATHS = NO;
				CLANG_ANALYZER_NONNULL = YES;
				CLANG_ANALYZER_NUMBER_OBJECT_CONVERSION = YES_AGGRESSIVE;
				CLANG_CXX_LANGUAGE_STANDARD = "gnu++14";
				CLANG_CXX_LIBRARY = "libc++";
				CLANG_ENABLE_MODULES = YES;
				CLANG_ENABLE_OBJC_ARC = YES;
				CLANG_WARN_BLOCK_CAPTURE_AUTORELEASING = YES;
				CLANG_WARN_BOOL_CONVERSION = YES;
				CLANG_WARN_COMMA = YES;
				CLANG_WARN_CONSTANT_CONVERSION = YES;
				CLANG_WARN_DIRECT_OBJC_ISA_USAGE = YES_ERROR;
				CLANG_WARN_DOCUMENTATION_COMMENTS = YES;
				CLANG_WARN_EMPTY_BODY = YES;
				CLANG_WARN_ENUM_CONVERSION = YES;
				CLANG_WARN_INFINITE_RECURSION = YES;
				CLANG_WARN_INT_CONVERSION = YES;
				CLANG_WARN_NON_LITERAL_NULL_CONVERSION = YES;
				CLANG_WARN_OBJC_LITERAL_CONVERSION = YES;
				CLANG_WARN_OBJC_ROOT_CLASS = YES_ERROR;
				CLANG_WARN_RANGE_LOOP_ANALYSIS = YES;
				CLANG_WARN_STRICT_PROTOTYPES = YES;
				CLANG_WARN_SUSPICIOUS_MOVE = YES;
				CLANG_WARN_UNGUARDED_AVAILABILITY = YES_AGGRESSIVE;
				CLANG_WARN_UNREACHABLE_CODE = YES;
				CLANG_WARN__DUPLICATE_METHOD_MATCH = YES;
				CODE_SIGN_IDENTITY = "iPhone Developer";
				COPY_PHASE_STRIP = NO;
				DEBUG_INFORMATION_FORMAT = "dwarf-with-dsym";
				ENABLE_NS_ASSERTIONS = NO;
				ENABLE_STRICT_OBJC_MSGSEND = YES;
				GCC_C_LANGUAGE_STANDARD = gnu11;
				GCC_NO_COMMON_BLOCKS = YES;
				GCC_WARN_64_TO_32_BIT_CONVERSION = YES;
				GCC_WARN_ABOUT_RETURN_TYPE = YES_ERROR;
				GCC_WARN_UNDECLARED_SELECTOR = YES;
				GCC_WARN_UNINITIALIZED_AUTOS = YES_AGGRESSIVE;
				GCC_WARN_UNUSED_FUNCTION = YES;
				GCC_WARN_UNUSED_VARIABLE = YES;
				IPHONEOS_DEPLOYMENT_TARGET = 11.2;
				MTL_ENABLE_DEBUG_INFO = NO;
				SDKROOT = iphoneos;
				SWIFT_OPTIMIZATION_LEVEL = "-Owholemodule";
				VALIDATE_PRODUCT = YES;
			};
			name = Release;
		};
		BB208A8E208AA23000D090BF /* Debug */ = {
			isa = XCBuildConfiguration;
			buildSettings = {
				ASSETCATALOG_COMPILER_APPICON_NAME = AppIcon;
				CODE_SIGN_STYLE = Automatic;
				DEVELOPMENT_TEAM = JMS7JQT6A9;
				INFOPLIST_FILE = App01/Info.plist;
				LD_RUNPATH_SEARCH_PATHS = "$(inherited) @executable_path/Frameworks";
				PRODUCT_BUNDLE_IDENTIFIER = br.com.lmmdemos.App01;
				PRODUCT_NAME = "$(TARGET_NAME)";
				SWIFT_VERSION = 4.0;
				TARGETED_DEVICE_FAMILY = "1,2";
			};
			name = Debug;
		};
		BB208A8F208AA23000D090BF /* Release */ = {
			isa = XCBuildConfiguration;
			buildSettings = {
				ASSETCATALOG_COMPILER_APPICON_NAME = AppIcon;
				CODE_SIGN_STYLE = Automatic;
				DEVELOPMENT_TEAM = JMS7JQT6A9;
				INFOPLIST_FILE = App01/Info.plist;
				LD_RUNPATH_SEARCH_PATHS = "$(inherited) @executable_path/Frameworks";
				PRODUCT_BUNDLE_IDENTIFIER = br.com.lmmdemos.App01;
				PRODUCT_NAME = "$(TARGET_NAME)";
				SWIFT_VERSION = 4.0;
				TARGETED_DEVICE_FAMILY = "1,2";
			};
			name = Release;
		};
		BB208A91208AA23000D090BF /* Debug */ = {
			isa = XCBuildConfiguration;
			buildSettings = {
				ALWAYS_EMBED_SWIFT_STANDARD_LIBRARIES = YES;
				BUNDLE_LOADER = "$(TEST_HOST)";
				CODE_SIGN_STYLE = Automatic;
				DEVELOPMENT_TEAM = JMS7JQT6A9;
				INFOPLIST_FILE = App01Tests/Info.plist;
				LD_RUNPATH_SEARCH_PATHS = "$(inherited) @executable_path/Frameworks @loader_path/Frameworks";
				PRODUCT_BUNDLE_IDENTIFIER = br.com.lmmdemos.App01Tests;
				PRODUCT_NAME = "$(TARGET_NAME)";
				SWIFT_VERSION = 4.0;
				TARGETED_DEVICE_FAMILY = "1,2";
				TEST_HOST = "$(BUILT_PRODUCTS_DIR)/App01.app/App01";
			};
			name = Debug;
		};
		BB208A92208AA23000D090BF /* Release */ = {
			isa = XCBuildConfiguration;
			buildSettings = {
				ALWAYS_EMBED_SWIFT_STANDARD_LIBRARIES = YES;
				BUNDLE_LOADER = "$(TEST_HOST)";
				CODE_SIGN_STYLE = Automatic;
				DEVELOPMENT_TEAM = JMS7JQT6A9;
				INFOPLIST_FILE = App01Tests/Info.plist;
				LD_RUNPATH_SEARCH_PATHS = "$(inherited) @executable_path/Frameworks @loader_path/Frameworks";
				PRODUCT_BUNDLE_IDENTIFIER = br.com.lmmdemos.App01Tests;
				PRODUCT_NAME = "$(TARGET_NAME)";
				SWIFT_VERSION = 4.0;
				TARGETED_DEVICE_FAMILY = "1,2";
				TEST_HOST = "$(BUILT_PRODUCTS_DIR)/App01.app/App01";
			};
			name = Release;
		};
		BB208A94208AA23000D090BF /* Debug */ = {
			isa = XCBuildConfiguration;
			buildSettings = {
				ALWAYS_EMBED_SWIFT_STANDARD_LIBRARIES = YES;
				CODE_SIGN_STYLE = Automatic;
				DEVELOPMENT_TEAM = JMS7JQT6A9;
				INFOPLIST_FILE = App01UITests/Info.plist;
				LD_RUNPATH_SEARCH_PATHS = "$(inherited) @executable_path/Frameworks @loader_path/Frameworks";
				PRODUCT_BUNDLE_IDENTIFIER = br.com.lmmdemos.App01UITests;
				PRODUCT_NAME = "$(TARGET_NAME)";
				SWIFT_VERSION = 4.0;
				TARGETED_DEVICE_FAMILY = "1,2";
				TEST_TARGET_NAME = App01;
			};
			name = Debug;
		};
		BB208A95208AA23000D090BF /* Release */ = {
			isa = XCBuildConfiguration;
			buildSettings = {
				ALWAYS_EMBED_SWIFT_STANDARD_LIBRARIES = YES;
				CODE_SIGN_STYLE = Automatic;
				DEVELOPMENT_TEAM = JMS7JQT6A9;
				INFOPLIST_FILE = App01UITests/Info.plist;
				LD_RUNPATH_SEARCH_PATHS = "$(inherited) @executable_path/Frameworks @loader_path/Frameworks";
				PRODUCT_BUNDLE_IDENTIFIER = br.com.lmmdemos.App01UITests;
				PRODUCT_NAME = "$(TARGET_NAME)";
				SWIFT_VERSION = 4.0;
				TARGETED_DEVICE_FAMILY = "1,2";
				TEST_TARGET_NAME = App01;
			};
			name = Release;
		};
/* End XCBuildConfiguration section */

/* Begin XCConfigurationList section */
		BB208A5B208AA22F00D090BF /* Build configuration list for PBXProject "App01" */ = {
			isa = XCConfigurationList;
			buildConfigurations = (
				BB208A8B208AA23000D090BF /* Debug */,
				BB208A8C208AA23000D090BF /* Release */,
			);
			defaultConfigurationIsVisible = 0;
			defaultConfigurationName = Release;
		};
		BB208A8D208AA23000D090BF /* Build configuration list for PBXNativeTarget "App01" */ = {
			isa = XCConfigurationList;
			buildConfigurations = (
				BB208A8E208AA23000D090BF /* Debug */,
				BB208A8F208AA23000D090BF /* Release */,
			);
			defaultConfigurationIsVisible = 0;
			defaultConfigurationName = Release;
		};
		BB208A90208AA23000D090BF /* Build configuration list for PBXNativeTarget "App01Tests" */ = {
			isa = XCConfigurationList;
			buildConfigurations = (
				BB208A91208AA23000D090BF /* Debug */,
				BB208A92208AA23000D090BF /* Release */,
			);
			defaultConfigurationIsVisible = 0;
			defaultConfigurationName = Release;
		};
		BB208A93208AA23000D090BF /* Build configuration list for PBXNativeTarget "App01UITests" */ = {
			isa = XCConfigurationList;
			buildConfigurations = (
				BB208A94208AA23000D090BF /* Debug */,
				BB208A95208AA23000D090BF /* Release */,
			);
			defaultConfigurationIsVisible = 0;
			defaultConfigurationName = Release;
		};
/* End XCConfigurationList section */

/* Begin XCVersionGroup section */
		BB208A65208AA22F00D090BF /* App01.xcdatamodeld */ = {
			isa = XCVersionGroup;
			children = (
				BB208A66208AA22F00D090BF /* App01.xcdatamodel */,
			);
			currentVersion = BB208A66208AA22F00D090BF /* App01.xcdatamodel */;
			path = App01.xcdatamodeld;
			sourceTree = "<group>";
			versionGroupType = wrapper.xcdatamodel;
		};
/* End XCVersionGroup section */
	};
	rootObject = BB208A58208AA22F00D090BF /* Project object */;
}
